github.com/gofiber/fiber/v2 v2.40.1 h1:pc7n9VVpGIqNsvg9IPLQhyFEMJL8gCs1kneH5D1pIl4=
github.com/gofiber/fiber/v2 v2.40.1/go.mod h1:Gko04sLksnHbzLSRBFWPFdzM9Ws9pRxvvIaohJK1dsk=
github.com/julienschmidt/httprouter v1.3.0 h1:U0609e9tgbseu3rBINet9P48AI/D3oJs4dN7jwJOQ1U=
github.com/julienschmidt/httprouter v1.3.0/go.mod h1:JR6WtHb+2LUe8TCKY3cZOxFyyO8IZAc4RVcycCCAKdM=
